// !$*UTF8*$!
{
	archiveVersion = 1;
	classes = {
	};
	objectVersion = 56;
	objects = {

/* Begin PBXBuildFile section */
		830C0C5B29123558004FA0F8 /* HttpClientSpy.swift in Sources */ = {isa = PBXBuildFile; fileRef = 830C0C5A29123558004FA0F8 /* HttpClientSpy.swift */; };
		830C0C5D29123597004FA0F8 /* HTTPClientTests.swift in Sources */ = {isa = PBXBuildFile; fileRef = 830C0C5C29123597004FA0F8 /* HTTPClientTests.swift */; };
		83B7411E2912127B008219FD /* AppDelegate.swift in Sources */ = {isa = PBXBuildFile; fileRef = 83B7411D2912127B008219FD /* AppDelegate.swift */; };
		83B741202912127B008219FD /* SceneDelegate.swift in Sources */ = {isa = PBXBuildFile; fileRef = 83B7411F2912127B008219FD /* SceneDelegate.swift */; };
		83B7412A2912127E008219FD /* LaunchScreen.storyboard in Resources */ = {isa = PBXBuildFile; fileRef = 83B741282912127E008219FD /* LaunchScreen.storyboard */; };
		83B7413F2912166E008219FD /* TabBarController.swift in Sources */ = {isa = PBXBuildFile; fileRef = 83B7413E2912166E008219FD /* TabBarController.swift */; };
		83CFE3BA29135CC700D04458 /* Phincon_Pokemon.framework in Frameworks */ = {isa = PBXBuildFile; fileRef = 83CFE3B929135CC700D04458 /* Phincon_Pokemon.framework */; };
		83CFE3BB29135CC700D04458 /* Phincon_Pokemon.framework in Embed Frameworks */ = {isa = PBXBuildFile; fileRef = 83CFE3B929135CC700D04458 /* Phincon_Pokemon.framework */; settings = {ATTRIBUTES = (CodeSignOnCopy, RemoveHeadersOnCopy, ); }; };
/* End PBXBuildFile section */

/* Begin PBXContainerItemProxy section */
		83B7413929121648008219FD /* PBXContainerItemProxy */ = {
			isa = PBXContainerItemProxy;
			containerPortal = 83B741122912127B008219FD /* Project object */;
			proxyType = 1;
			remoteGlobalIDString = 83B741192912127B008219FD;
			remoteInfo = "Phincon-Pokemon-App";
		};
/* End PBXContainerItemProxy section */

/* Begin PBXCopyFilesBuildPhase section */
		83CFE3BC29135CC700D04458 /* Embed Frameworks */ = {
			isa = PBXCopyFilesBuildPhase;
			buildActionMask = 2147483647;
			dstPath = "";
			dstSubfolderSpec = 10;
			files = (
				83CFE3BB29135CC700D04458 /* Phincon_Pokemon.framework in Embed Frameworks */,
			);
			name = "Embed Frameworks";
			runOnlyForDeploymentPostprocessing = 0;
		};
/* End PBXCopyFilesBuildPhase section */

/* Begin PBXFileReference section */
		830C0C5A29123558004FA0F8 /* HttpClientSpy.swift */ = {isa = PBXFileReference; lastKnownFileType = sourcecode.swift; path = HttpClientSpy.swift; sourceTree = "<group>"; };
		830C0C5C29123597004FA0F8 /* HTTPClientTests.swift */ = {isa = PBXFileReference; lastKnownFileType = sourcecode.swift; path = HTTPClientTests.swift; sourceTree = "<group>"; };
		8319E051291355AD008AD975 /* Phincon_Pokemon.framework */ = {isa = PBXFileReference; explicitFileType = wrapper.framework; path = Phincon_Pokemon.framework; sourceTree = BUILT_PRODUCTS_DIR; };
		8319E055291357AC008AD975 /* Phincon-Pokemon-App.entitlements */ = {isa = PBXFileReference; lastKnownFileType = text.plist.entitlements; path = "Phincon-Pokemon-App.entitlements"; sourceTree = "<group>"; };
		8319E0A229135A31008AD975 /* Phincon_Pokemon.framework */ = {isa = PBXFileReference; explicitFileType = wrapper.framework; path = Phincon_Pokemon.framework; sourceTree = BUILT_PRODUCTS_DIR; };
		83B7411A2912127B008219FD /* Phincon-Pokemon-App.app */ = {isa = PBXFileReference; explicitFileType = wrapper.application; includeInIndex = 0; path = "Phincon-Pokemon-App.app"; sourceTree = BUILT_PRODUCTS_DIR; };
		83B7411D2912127B008219FD /* AppDelegate.swift */ = {isa = PBXFileReference; lastKnownFileType = sourcecode.swift; path = AppDelegate.swift; sourceTree = "<group>"; };
		83B7411F2912127B008219FD /* SceneDelegate.swift */ = {isa = PBXFileReference; lastKnownFileType = sourcecode.swift; path = SceneDelegate.swift; sourceTree = "<group>"; };
		83B741292912127E008219FD /* Base */ = {isa = PBXFileReference; lastKnownFileType = file.storyboard; name = Base; path = Base.lproj/LaunchScreen.storyboard; sourceTree = "<group>"; };
		83B7412B2912127E008219FD /* Info.plist */ = {isa = PBXFileReference; lastKnownFileType = text.plist.xml; path = Info.plist; sourceTree = "<group>"; };
		83B7413529121647008219FD /* Phincon-Pokemon-AppTests.xctest */ = {isa = PBXFileReference; explicitFileType = wrapper.cfbundle; includeInIndex = 0; path = "Phincon-Pokemon-AppTests.xctest"; sourceTree = BUILT_PRODUCTS_DIR; };
		83B7413E2912166E008219FD /* TabBarController.swift */ = {isa = PBXFileReference; fileEncoding = 4; lastKnownFileType = sourcecode.swift; path = TabBarController.swift; sourceTree = "<group>"; };
		83CFE3B929135CC700D04458 /* Phincon_Pokemon.framework */ = {isa = PBXFileReference; explicitFileType = wrapper.framework; path = Phincon_Pokemon.framework; sourceTree = BUILT_PRODUCTS_DIR; };
/* End PBXFileReference section */

/* Begin PBXFrameworksBuildPhase section */
		83B741172912127B008219FD /* Frameworks */ = {
			isa = PBXFrameworksBuildPhase;
			buildActionMask = 2147483647;
			files = (
				83CFE3BA29135CC700D04458 /* Phincon_Pokemon.framework in Frameworks */,
			);
			runOnlyForDeploymentPostprocessing = 0;
		};
		83B7413229121647008219FD /* Frameworks */ = {
			isa = PBXFrameworksBuildPhase;
			buildActionMask = 2147483647;
			files = (
			);
			runOnlyForDeploymentPostprocessing = 0;
		};
/* End PBXFrameworksBuildPhase section */

/* Begin PBXGroup section */
		830C0C5929123547004FA0F8 /* Helpers */ = {
			isa = PBXGroup;
			children = (
				830C0C5A29123558004FA0F8 /* HttpClientSpy.swift */,
			);
			path = Helpers;
			sourceTree = "<group>";
		};
		830C0C7D2912946D004FA0F8 /* Root */ = {
			isa = PBXGroup;
			children = (
				83B7411D2912127B008219FD /* AppDelegate.swift */,
				83B7411F2912127B008219FD /* SceneDelegate.swift */,
				83B7413E2912166E008219FD /* TabBarController.swift */,
			);
			path = Root;
			sourceTree = "<group>";
		};
		8319E050291355AD008AD975 /* Frameworks */ = {
			isa = PBXGroup;
			children = (
				83CFE3B929135CC700D04458 /* Phincon_Pokemon.framework */,
				8319E0A229135A31008AD975 /* Phincon_Pokemon.framework */,
				8319E051291355AD008AD975 /* Phincon_Pokemon.framework */,
			);
			name = Frameworks;
			sourceTree = "<group>";
		};
		83B741112912127B008219FD = {
			isa = PBXGroup;
			children = (
				83B7411C2912127B008219FD /* Phincon-Pokemon-App */,
				83B7413629121647008219FD /* Phincon-Pokemon-AppTests */,
				83B7411B2912127B008219FD /* Products */,
				8319E050291355AD008AD975 /* Frameworks */,
			);
			sourceTree = "<group>";
		};
		83B7411B2912127B008219FD /* Products */ = {
			isa = PBXGroup;
			children = (
				83B7411A2912127B008219FD /* Phincon-Pokemon-App.app */,
				83B7413529121647008219FD /* Phincon-Pokemon-AppTests.xctest */,
			);
			name = Products;
			sourceTree = "<group>";
		};
		83B7411C2912127B008219FD /* Phincon-Pokemon-App */ = {
			isa = PBXGroup;
			children = (
				8319E055291357AC008AD975 /* Phincon-Pokemon-App.entitlements */,
				830C0C7D2912946D004FA0F8 /* Root */,
				83B741282912127E008219FD /* LaunchScreen.storyboard */,
				83B7412B2912127E008219FD /* Info.plist */,
			);
			path = "Phincon-Pokemon-App";
			sourceTree = "<group>";
		};
		83B7413629121647008219FD /* Phincon-Pokemon-AppTests */ = {
			isa = PBXGroup;
			children = (
				830C0C5929123547004FA0F8 /* Helpers */,
				830C0C5C29123597004FA0F8 /* HTTPClientTests.swift */,
			);
			path = "Phincon-Pokemon-AppTests";
			sourceTree = "<group>";
		};
/* End PBXGroup section */

/* Begin PBXNativeTarget section */
		83B741192912127B008219FD /* Phincon-Pokemon-App */ = {
			isa = PBXNativeTarget;
			buildConfigurationList = 83B7412E2912127E008219FD /* Build configuration list for PBXNativeTarget "Phincon-Pokemon-App" */;
			buildPhases = (
				83B741162912127B008219FD /* Sources */,
				83B741172912127B008219FD /* Frameworks */,
				83B741182912127B008219FD /* Resources */,
				83CFE3BC29135CC700D04458 /* Embed Frameworks */,
			);
			buildRules = (
			);
			dependencies = (
			);
			name = "Phincon-Pokemon-App";
			packageProductDependencies = (
			);
			productName = "Phincon-Pokemon-App";
			productReference = 83B7411A2912127B008219FD /* Phincon-Pokemon-App.app */;
			productType = "com.apple.product-type.application";
		};
		83B7413429121647008219FD /* Phincon-Pokemon-AppTests */ = {
			isa = PBXNativeTarget;
			buildConfigurationList = 83B7413B29121648008219FD /* Build configuration list for PBXNativeTarget "Phincon-Pokemon-AppTests" */;
			buildPhases = (
				83B7413129121647008219FD /* Sources */,
				83B7413229121647008219FD /* Frameworks */,
				83B7413329121647008219FD /* Resources */,
			);
			buildRules = (
			);
			dependencies = (
				83B7413A29121648008219FD /* PBXTargetDependency */,
			);
			name = "Phincon-Pokemon-AppTests";
			productName = "Phincon-Pokemon-AppTests";
			productReference = 83B7413529121647008219FD /* Phincon-Pokemon-AppTests.xctest */;
			productType = "com.apple.product-type.bundle.unit-test";
		};
/* End PBXNativeTarget section */

/* Begin PBXProject section */
		83B741122912127B008219FD /* Project object */ = {
			isa = PBXProject;
			attributes = {
				BuildIndependentTargetsInParallel = 1;
				LastSwiftUpdateCheck = 1400;
				LastUpgradeCheck = 1400;
				TargetAttributes = {
					83B741192912127B008219FD = {
						CreatedOnToolsVersion = 14.0;
					};
					83B7413429121647008219FD = {
						CreatedOnToolsVersion = 14.0;
						TestTargetID = 83B741192912127B008219FD;
					};
				};
			};
			buildConfigurationList = 83B741152912127B008219FD /* Build configuration list for PBXProject "Phincon-Pokemon-App" */;
			compatibilityVersion = "Xcode 14.0";
			developmentRegion = en;
			hasScannedForEncodings = 0;
			knownRegions = (
				en,
				Base,
			);
			mainGroup = 83B741112912127B008219FD;
			packageReferences = (
			);
			productRefGroup = 83B7411B2912127B008219FD /* Products */;
			projectDirPath = "";
			projectRoot = "";
			targets = (
				83B741192912127B008219FD /* Phincon-Pokemon-App */,
				83B7413429121647008219FD /* Phincon-Pokemon-AppTests */,
			);
		};
/* End PBXProject section */

/* Begin PBXResourcesBuildPhase section */
		83B741182912127B008219FD /* Resources */ = {
			isa = PBXResourcesBuildPhase;
			buildActionMask = 2147483647;
			files = (
				83B7412A2912127E008219FD /* LaunchScreen.storyboard in Resources */,
			);
			runOnlyForDeploymentPostprocessing = 0;
		};
		83B7413329121647008219FD /* Resources */ = {
			isa = PBXResourcesBuildPhase;
			buildActionMask = 2147483647;
			files = (
			);
			runOnlyForDeploymentPostprocessing = 0;
		};
/* End PBXResourcesBuildPhase section */

/* Begin PBXSourcesBuildPhase section */
		83B741162912127B008219FD /* Sources */ = {
			isa = PBXSourcesBuildPhase;
			buildActionMask = 2147483647;
			files = (
				83B7413F2912166E008219FD /* TabBarController.swift in Sources */,
				83B7411E2912127B008219FD /* AppDelegate.swift in Sources */,
				83B741202912127B008219FD /* SceneDelegate.swift in Sources */,
			);
			runOnlyForDeploymentPostprocessing = 0;
		};
		83B7413129121647008219FD /* Sources */ = {
			isa = PBXSourcesBuildPhase;
			buildActionMask = 2147483647;
			files = (
				830C0C5B29123558004FA0F8 /* HttpClientSpy.swift in Sources */,
				830C0C5D29123597004FA0F8 /* HTTPClientTests.swift in Sources */,
			);
			runOnlyForDeploymentPostprocessing = 0;
		};
/* End PBXSourcesBuildPhase section */

/* Begin PBXTargetDependency section */
		83B7413A29121648008219FD /* PBXTargetDependency */ = {
			isa = PBXTargetDependency;
			target = 83B741192912127B008219FD /* Phincon-Pokemon-App */;
			targetProxy = 83B7413929121648008219FD /* PBXContainerItemProxy */;
		};
/* End PBXTargetDependency section */

/* Begin PBXVariantGroup section */
		83B741282912127E008219FD /* LaunchScreen.storyboard */ = {
			isa = PBXVariantGroup;
			children = (
				83B741292912127E008219FD /* Base */,
			);
			name = LaunchScreen.storyboard;
			sourceTree = "<group>";
		};
/* End PBXVariantGroup section */

/* Begin XCBuildConfiguration section */
		83B7412C2912127E008219FD /* Debug */ = {
			isa = XCBuildConfiguration;
			buildSettings = {
				ALWAYS_SEARCH_USER_PATHS = NO;
				CLANG_ANALYZER_NONNULL = YES;
				CLANG_ANALYZER_NUMBER_OBJECT_CONVERSION = YES_AGGRESSIVE;
				CLANG_CXX_LANGUAGE_STANDARD = "gnu++20";
				CLANG_ENABLE_MODULES = YES;
				CLANG_ENABLE_OBJC_ARC = YES;
				CLANG_ENABLE_OBJC_WEAK = YES;
				CLANG_WARN_BLOCK_CAPTURE_AUTORELEASING = YES;
				CLANG_WARN_BOOL_CONVERSION = YES;
				CLANG_WARN_COMMA = YES;
				CLANG_WARN_CONSTANT_CONVERSION = YES;
				CLANG_WARN_DEPRECATED_OBJC_IMPLEMENTATIONS = YES;
				CLANG_WARN_DIRECT_OBJC_ISA_USAGE = YES_ERROR;
				CLANG_WARN_DOCUMENTATION_COMMENTS = YES;
				CLANG_WARN_EMPTY_BODY = YES;
				CLANG_WARN_ENUM_CONVERSION = YES;
				CLANG_WARN_INFINITE_RECURSION = YES;
				CLANG_WARN_INT_CONVERSION = YES;
				CLANG_WARN_NON_LITERAL_NULL_CONVERSION = YES;
				CLANG_WARN_OBJC_IMPLICIT_RETAIN_SELF = YES;
				CLANG_WARN_OBJC_LITERAL_CONVERSION = YES;
				CLANG_WARN_OBJC_ROOT_CLASS = YES_ERROR;
				CLANG_WARN_QUOTED_INCLUDE_IN_FRAMEWORK_HEADER = YES;
				CLANG_WARN_RANGE_LOOP_ANALYSIS = YES;
				CLANG_WARN_STRICT_PROTOTYPES = YES;
				CLANG_WARN_SUSPICIOUS_MOVE = YES;
				CLANG_WARN_UNGUARDED_AVAILABILITY = YES_AGGRESSIVE;
				CLANG_WARN_UNREACHABLE_CODE = YES;
				CLANG_WARN__DUPLICATE_METHOD_MATCH = YES;
				COPY_PHASE_STRIP = NO;
				DEBUG_INFORMATION_FORMAT = dwarf;
				ENABLE_STRICT_OBJC_MSGSEND = YES;
				ENABLE_TESTABILITY = YES;
				GCC_C_LANGUAGE_STANDARD = gnu11;
				GCC_DYNAMIC_NO_PIC = NO;
				GCC_NO_COMMON_BLOCKS = YES;
				GCC_OPTIMIZATION_LEVEL = 0;
				GCC_PREPROCESSOR_DEFINITIONS = (
					"DEBUG=1",
					"$(inherited)",
				);
				GCC_WARN_64_TO_32_BIT_CONVERSION = YES;
				GCC_WARN_ABOUT_RETURN_TYPE = YES_ERROR;
				GCC_WARN_UNDECLARED_SELECTOR = YES;
				GCC_WARN_UNINITIALIZED_AUTOS = YES_AGGRESSIVE;
				GCC_WARN_UNUSED_FUNCTION = YES;
				GCC_WARN_UNUSED_VARIABLE = YES;
				IPHONEOS_DEPLOYMENT_TARGET = 16.0;
				MTL_ENABLE_DEBUG_INFO = INCLUDE_SOURCE;
				MTL_FAST_MATH = YES;
				ONLY_ACTIVE_ARCH = YES;
				SDKROOT = iphoneos;
				SWIFT_ACTIVE_COMPILATION_CONDITIONS = DEBUG;
				SWIFT_OPTIMIZATION_LEVEL = "-Onone";
			};
			name = Debug;
		};
		83B7412D2912127E008219FD /* Release */ = {
			isa = XCBuildConfiguration;
			buildSettings = {
				ALWAYS_SEARCH_USER_PATHS = NO;
				CLANG_ANALYZER_NONNULL = YES;
				CLANG_ANALYZER_NUMBER_OBJECT_CONVERSION = YES_AGGRESSIVE;
				CLANG_CXX_LANGUAGE_STANDARD = "gnu++20";
				CLANG_ENABLE_MODULES = YES;
				CLANG_ENABLE_OBJC_ARC = YES;
				CLANG_ENABLE_OBJC_WEAK = YES;
				CLANG_WARN_BLOCK_CAPTURE_AUTORELEASING = YES;
				CLANG_WARN_BOOL_CONVERSION = YES;
				CLANG_WARN_COMMA = YES;
				CLANG_WARN_CONSTANT_CONVERSION = YES;
				CLANG_WARN_DEPRECATED_OBJC_IMPLEMENTATIONS = YES;
				CLANG_WARN_DIRECT_OBJC_ISA_USAGE = YES_ERROR;
				CLANG_WARN_DOCUMENTATION_COMMENTS = YES;
				CLANG_WARN_EMPTY_BODY = YES;
				CLANG_WARN_ENUM_CONVERSION = YES;
				CLANG_WARN_INFINITE_RECURSION = YES;
				CLANG_WARN_INT_CONVERSION = YES;
				CLANG_WARN_NON_LITERAL_NULL_CONVERSION = YES;
				CLANG_WARN_OBJC_IMPLICIT_RETAIN_SELF = YES;
				CLANG_WARN_OBJC_LITERAL_CONVERSION = YES;
				CLANG_WARN_OBJC_ROOT_CLASS = YES_ERROR;
				CLANG_WARN_QUOTED_INCLUDE_IN_FRAMEWORK_HEADER = YES;
				CLANG_WARN_RANGE_LOOP_ANALYSIS = YES;
				CLANG_WARN_STRICT_PROTOTYPES = YES;
				CLANG_WARN_SUSPICIOUS_MOVE = YES;
				CLANG_WARN_UNGUARDED_AVAILABILITY = YES_AGGRESSIVE;
				CLANG_WARN_UNREACHABLE_CODE = YES;
				CLANG_WARN__DUPLICATE_METHOD_MATCH = YES;
				COPY_PHASE_STRIP = NO;
				DEBUG_INFORMATION_FORMAT = "dwarf-with-dsym";
				ENABLE_NS_ASSERTIONS = NO;
				ENABLE_STRICT_OBJC_MSGSEND = YES;
				GCC_C_LANGUAGE_STANDARD = gnu11;
				GCC_NO_COMMON_BLOCKS = YES;
				GCC_WARN_64_TO_32_BIT_CONVERSION = YES;
				GCC_WARN_ABOUT_RETURN_TYPE = YES_ERROR;
				GCC_WARN_UNDECLARED_SELECTOR = YES;
				GCC_WARN_UNINITIALIZED_AUTOS = YES_AGGRESSIVE;
				GCC_WARN_UNUSED_FUNCTION = YES;
				GCC_WARN_UNUSED_VARIABLE = YES;
				IPHONEOS_DEPLOYMENT_TARGET = 16.0;
				MTL_ENABLE_DEBUG_INFO = NO;
				MTL_FAST_MATH = YES;
				SDKROOT = iphoneos;
				SWIFT_COMPILATION_MODE = wholemodule;
				SWIFT_OPTIMIZATION_LEVEL = "-O";
				VALIDATE_PRODUCT = YES;
			};
			name = Release;
		};
		83B7412F2912127E008219FD /* Debug */ = {
			isa = XCBuildConfiguration;
			buildSettings = {
				ASSETCATALOG_COMPILER_APPICON_NAME = AppIcon;
				ASSETCATALOG_COMPILER_GLOBAL_ACCENT_COLOR_NAME = AccentColor;
				CODE_SIGN_ENTITLEMENTS = "Phincon-Pokemon-App/Phincon-Pokemon-App.entitlements";
				CODE_SIGN_STYLE = Automatic;
				CURRENT_PROJECT_VERSION = 1;
				DEVELOPMENT_TEAM = WZB5R9B92Y;
				GENERATE_INFOPLIST_FILE = YES;
				INFOPLIST_FILE = "Phincon-Pokemon-App/Info.plist";
				INFOPLIST_KEY_LSApplicationCategoryType = "";
				INFOPLIST_KEY_UIApplicationSupportsIndirectInputEvents = YES;
				INFOPLIST_KEY_UILaunchStoryboardName = LaunchScreen;
				INFOPLIST_KEY_UISupportedInterfaceOrientations_iPad = "UIInterfaceOrientationPortrait UIInterfaceOrientationPortraitUpsideDown UIInterfaceOrientationLandscapeLeft UIInterfaceOrientationLandscapeRight";
				INFOPLIST_KEY_UISupportedInterfaceOrientations_iPhone = "UIInterfaceOrientationPortrait UIInterfaceOrientationLandscapeLeft UIInterfaceOrientationLandscapeRight";
				LD_RUNPATH_SEARCH_PATHS = (
					"$(inherited)",
					"@executable_path/Frameworks",
				);
				MARKETING_VERSION = 1.0;
				PRODUCT_BUNDLE_IDENTIFIER = "co.id.aminfaruq.Phincon-Pokemon-App";
				PRODUCT_NAME = "$(TARGET_NAME)";
				SUPPORTED_PLATFORMS = "iphoneos iphonesimulator";
				SUPPORTS_MACCATALYST = NO;
				SUPPORTS_MAC_DESIGNED_FOR_IPHONE_IPAD = YES;
				SWIFT_EMIT_LOC_STRINGS = YES;
				SWIFT_VERSION = 5.0;
				TARGETED_DEVICE_FAMILY = "1,2";
			};
			name = Debug;
		};
		83B741302912127E008219FD /* Release */ = {
			isa = XCBuildConfiguration;
			buildSettings = {
				ASSETCATALOG_COMPILER_APPICON_NAME = AppIcon;
				ASSETCATALOG_COMPILER_GLOBAL_ACCENT_COLOR_NAME = AccentColor;
				CODE_SIGN_ENTITLEMENTS = "Phincon-Pokemon-App/Phincon-Pokemon-App.entitlements";
				CODE_SIGN_STYLE = Automatic;
				CURRENT_PROJECT_VERSION = 1;
				DEVELOPMENT_TEAM = WZB5R9B92Y;
				GENERATE_INFOPLIST_FILE = YES;
				INFOPLIST_FILE = "Phincon-Pokemon-App/Info.plist";
				INFOPLIST_KEY_LSApplicationCategoryType = "";
				INFOPLIST_KEY_UIApplicationSupportsIndirectInputEvents = YES;
				INFOPLIST_KEY_UILaunchStoryboardName = LaunchScreen;
				INFOPLIST_KEY_UISupportedInterfaceOrientations_iPad = "UIInterfaceOrientationPortrait UIInterfaceOrientationPortraitUpsideDown UIInterfaceOrientationLandscapeLeft UIInterfaceOrientationLandscapeRight";
				INFOPLIST_KEY_UISupportedInterfaceOrientations_iPhone = "UIInterfaceOrientationPortrait UIInterfaceOrientationLandscapeLeft UIInterfaceOrientationLandscapeRight";
				LD_RUNPATH_SEARCH_PATHS = (
					"$(inherited)",
					"@executable_path/Frameworks",
				);
				MARKETING_VERSION = 1.0;
				PRODUCT_BUNDLE_IDENTIFIER = "co.id.aminfaruq.Phincon-Pokemon-App";
				PRODUCT_NAME = "$(TARGET_NAME)";
				SUPPORTED_PLATFORMS = "iphoneos iphonesimulator";
				SUPPORTS_MACCATALYST = NO;
				SUPPORTS_MAC_DESIGNED_FOR_IPHONE_IPAD = YES;
				SWIFT_EMIT_LOC_STRINGS = YES;
				SWIFT_VERSION = 5.0;
				TARGETED_DEVICE_FAMILY = "1,2";
			};
			name = Release;
		};
		83B7413C29121648008219FD /* Debug */ = {
			isa = XCBuildConfiguration;
			buildSettings = {
				BUNDLE_LOADER = "$(TEST_HOST)";
				CODE_SIGN_STYLE = Automatic;
				CURRENT_PROJECT_VERSION = 1;
				DEVELOPMENT_TEAM = WZB5R9B92Y;
				GENERATE_INFOPLIST_FILE = YES;
				MARKETING_VERSION = 1.0;
				PRODUCT_BUNDLE_IDENTIFIER = "co.id.aminfaruq.Phincon-Pokemon-AppTests";
				PRODUCT_NAME = "$(TARGET_NAME)";
				SWIFT_EMIT_LOC_STRINGS = NO;
				SWIFT_VERSION = 5.0;
				TARGETED_DEVICE_FAMILY = "1,2";
				TEST_HOST = "$(BUILT_PRODUCTS_DIR)/Phincon-Pokemon-App.app/$(BUNDLE_EXECUTABLE_FOLDER_PATH)/Phincon-Pokemon-App";
			};
			name = Debug;
		};
		83B7413D29121648008219FD /* Release */ = {
			isa = XCBuildConfiguration;
			buildSettings = {
				BUNDLE_LOADER = "$(TEST_HOST)";
				CODE_SIGN_STYLE = Automatic;
				CURRENT_PROJECT_VERSION = 1;
				DEVELOPMENT_TEAM = WZB5R9B92Y;
				GENERATE_INFOPLIST_FILE = YES;
				MARKETING_VERSION = 1.0;
				PRODUCT_BUNDLE_IDENTIFIER = "co.id.aminfaruq.Phincon-Pokemon-AppTests";
				PRODUCT_NAME = "$(TARGET_NAME)";
				SWIFT_EMIT_LOC_STRINGS = NO;
				SWIFT_VERSION = 5.0;
				TARGETED_DEVICE_FAMILY = "1,2";
				TEST_HOST = "$(BUILT_PRODUCTS_DIR)/Phincon-Pokemon-App.app/$(BUNDLE_EXECUTABLE_FOLDER_PATH)/Phincon-Pokemon-App";
			};
			name = Release;
		};
/* End XCBuildConfiguration section */

/* Begin XCConfigurationList section */
		83B741152912127B008219FD /* Build configuration list for PBXProject "Phincon-Pokemon-App" */ = {
			isa = XCConfigurationList;
			buildConfigurations = (
				83B7412C2912127E008219FD /* Debug */,
				83B7412D2912127E008219FD /* Release */,
			);
			defaultConfigurationIsVisible = 0;
			defaultConfigurationName = Release;
		};
		83B7412E2912127E008219FD /* Build configuration list for PBXNativeTarget "Phincon-Pokemon-App" */ = {
			isa = XCConfigurationList;
			buildConfigurations = (
				83B7412F2912127E008219FD /* Debug */,
				83B741302912127E008219FD /* Release */,
			);
			defaultConfigurationIsVisible = 0;
			defaultConfigurationName = Release;
		};
		83B7413B29121648008219FD /* Build configuration list for PBXNativeTarget "Phincon-Pokemon-AppTests" */ = {
			isa = XCConfigurationList;
			buildConfigurations = (
				83B7413C29121648008219FD /* Debug */,
				83B7413D29121648008219FD /* Release */,
			);
			defaultConfigurationIsVisible = 0;
			defaultConfigurationName = Release;
		};
/* End XCConfigurationList section */
	};
	rootObject = 83B741122912127B008219FD /* Project object */;
}
